
Microsoft Visual Studio Solution File, Format Version 12.00
# Visual Studio Version 17
VisualStudioVersion = 17.3.32901.215
MinimumVisualStudioVersion = 10.0.40219.1
Project("{9A19103F-16F7-4668-BE54-9A1E7A4F7556}") = "PersianCalendar.WinUI3", "PersianCalendar.WinUI3\PersianCalendar.WinUI3.csproj", "{80F08041-3A18-4619-B1A0-592C1F7E5F52}"
EndProject
Project("{9A19103F-16F7-4668-BE54-9A1E7A4F7556}") = "PersianCalendar.Core", "PersianCalendar.WinUI3.Core\PersianCalendar.Core.csproj", "{323B45B8-234A-4297-BA62-624A18171BFA}"
EndProject
Project("{2150E333-8FDC-42A3-9474-1A3956D46DE8}") = "Solution Items", "Solution Items", "{227C4B0B-CEC0-4CCC-AAFB-84D340F306FC}"
	ProjectSection(SolutionItems) = preProject
		EF Core Databse Walkthrough.txt = EF Core Databse Walkthrough.txt
		Research.txt = Research.txt
	EndProjectSection
EndProject
Project("{9A19103F-16F7-4668-BE54-9A1E7A4F7556}") = "PersianCalendar.EntityFramework", "PersianCalendar.EntityFramework\PersianCalendar.EntityFramework.csproj", "{9EA1CA31-0DE7-4E9D-AF49-DCF5F205C3E8}"
EndProject
Project("{FAE04EC0-301F-11D3-BF4B-00C04F79EFBC}") = "PersianCalendar.Wpf", "PersianCalendar.Wpf\PersianCalendar.Wpf.csproj", "{4732105B-2AA4-44B1-A8A4-249DF845DAE7}"
EndProject
Global
	GlobalSection(SolutionConfigurationPlatforms) = preSolution
		Debug|Any CPU = Debug|Any CPU
		Debug|arm64 = Debug|arm64
		Debug|x64 = Debug|x64
		Debug|x86 = Debug|x86
		Release|Any CPU = Release|Any CPU
		Release|arm64 = Release|arm64
		Release|x64 = Release|x64
		Release|x86 = Release|x86
	EndGlobalSection
	GlobalSection(ProjectConfigurationPlatforms) = postSolution
		{80F08041-3A18-4619-B1A0-592C1F7E5F52}.Debug|Any CPU.ActiveCfg = Debug|x64
		{80F08041-3A18-4619-B1A0-592C1F7E5F52}.Debug|Any CPU.Build.0 = Debug|x64
		{80F08041-3A18-4619-B1A0-592C1F7E5F52}.Debug|Any CPU.Deploy.0 = Debug|x64
		{80F08041-3A18-4619-B1A0-592C1F7E5F52}.Debug|arm64.ActiveCfg = Debug|arm64
		{80F08041-3A18-4619-B1A0-592C1F7E5F52}.Debug|arm64.Build.0 = Debug|arm64
		{80F08041-3A18-4619-B1A0-592C1F7E5F52}.Debug|arm64.Deploy.0 = Debug|arm64
		{80F08041-3A18-4619-B1A0-592C1F7E5F52}.Debug|x64.ActiveCfg = Debug|x64
		{80F08041-3A18-4619-B1A0-592C1F7E5F52}.Debug|x64.Build.0 = Debug|x64
		{80F08041-3A18-4619-B1A0-592C1F7E5F52}.Debug|x64.Deploy.0 = Debug|x64
		{80F08041-3A18-4619-B1A0-592C1F7E5F52}.Debug|x86.ActiveCfg = Debug|x86
		{80F08041-3A18-4619-B1A0-592C1F7E5F52}.Debug|x86.Build.0 = Debug|x86
		{80F08041-3A18-4619-B1A0-592C1F7E5F52}.Debug|x86.Deploy.0 = Debug|x86
		{80F08041-3A18-4619-B1A0-592C1F7E5F52}.Release|Any CPU.ActiveCfg = Release|x64
		{80F08041-3A18-4619-B1A0-592C1F7E5F52}.Release|Any CPU.Build.0 = Release|x64
		{80F08041-3A18-4619-B1A0-592C1F7E5F52}.Release|Any CPU.Deploy.0 = Release|x64
		{80F08041-3A18-4619-B1A0-592C1F7E5F52}.Release|arm64.ActiveCfg = Release|arm64
		{80F08041-3A18-4619-B1A0-592C1F7E5F52}.Release|arm64.Build.0 = Release|arm64
		{80F08041-3A18-4619-B1A0-592C1F7E5F52}.Release|arm64.Deploy.0 = Release|arm64
		{80F08041-3A18-4619-B1A0-592C1F7E5F52}.Release|x64.ActiveCfg = Release|x64
		{80F08041-3A18-4619-B1A0-592C1F7E5F52}.Release|x64.Build.0 = Release|x64
		{80F08041-3A18-4619-B1A0-592C1F7E5F52}.Release|x64.Deploy.0 = Release|x64
		{80F08041-3A18-4619-B1A0-592C1F7E5F52}.Release|x86.ActiveCfg = Release|x86
		{80F08041-3A18-4619-B1A0-592C1F7E5F52}.Release|x86.Build.0 = Release|x86
		{80F08041-3A18-4619-B1A0-592C1F7E5F52}.Release|x86.Deploy.0 = Release|x86
		{323B45B8-234A-4297-BA62-624A18171BFA}.Debug|Any CPU.ActiveCfg = Debug|Any CPU
		{323B45B8-234A-4297-BA62-624A18171BFA}.Debug|Any CPU.Build.0 = Debug|Any CPU
		{323B45B8-234A-4297-BA62-624A18171BFA}.Debug|arm64.ActiveCfg = Debug|arm64
		{323B45B8-234A-4297-BA62-624A18171BFA}.Debug|arm64.Build.0 = Debug|arm64
		{323B45B8-234A-4297-BA62-624A18171BFA}.Debug|x64.ActiveCfg = Debug|x64
		{323B45B8-234A-4297-BA62-624A18171BFA}.Debug|x64.Build.0 = Debug|x64
		{323B45B8-234A-4297-BA62-624A18171BFA}.Debug|x86.ActiveCfg = Debug|x86
		{323B45B8-234A-4297-BA62-624A18171BFA}.Debug|x86.Build.0 = Debug|x86
		{323B45B8-234A-4297-BA62-624A18171BFA}.Release|Any CPU.ActiveCfg = Release|Any CPU
		{323B45B8-234A-4297-BA62-624A18171BFA}.Release|Any CPU.Build.0 = Release|Any CPU
		{323B45B8-234A-4297-BA62-624A18171BFA}.Release|arm64.ActiveCfg = Release|arm64
		{323B45B8-234A-4297-BA62-624A18171BFA}.Release|arm64.Build.0 = Release|arm64
		{323B45B8-234A-4297-BA62-624A18171BFA}.Release|x64.ActiveCfg = Release|x64
		{323B45B8-234A-4297-BA62-624A18171BFA}.Release|x64.Build.0 = Release|x64
		{323B45B8-234A-4297-BA62-624A18171BFA}.Release|x86.ActiveCfg = Release|x86
		{323B45B8-234A-4297-BA62-624A18171BFA}.Release|x86.Build.0 = Release|x86
		{9EA1CA31-0DE7-4E9D-AF49-DCF5F205C3E8}.Debug|Any CPU.ActiveCfg = Debug|Any CPU
		{9EA1CA31-0DE7-4E9D-AF49-DCF5F205C3E8}.Debug|Any CPU.Build.0 = Debug|Any CPU
		{9EA1CA31-0DE7-4E9D-AF49-DCF5F205C3E8}.Debug|arm64.ActiveCfg = Debug|Any CPU
		{9EA1CA31-0DE7-4E9D-AF49-DCF5F205C3E8}.Debug|arm64.Build.0 = Debug|Any CPU
		{9EA1CA31-0DE7-4E9D-AF49-DCF5F205C3E8}.Debug|x64.ActiveCfg = Debug|Any CPU
		{9EA1CA31-0DE7-4E9D-AF49-DCF5F205C3E8}.Debug|x64.Build.0 = Debug|Any CPU
		{9EA1CA31-0DE7-4E9D-AF49-DCF5F205C3E8}.Debug|x86.ActiveCfg = Debug|Any CPU
		{9EA1CA31-0DE7-4E9D-AF49-DCF5F205C3E8}.Debug|x86.Build.0 = Debug|Any CPU
		{9EA1CA31-0DE7-4E9D-AF49-DCF5F205C3E8}.Release|Any CPU.ActiveCfg = Release|Any CPU
		{9EA1CA31-0DE7-4E9D-AF49-DCF5F205C3E8}.Release|Any CPU.Build.0 = Release|Any CPU
		{9EA1CA31-0DE7-4E9D-AF49-DCF5F205C3E8}.Release|arm64.ActiveCfg = Release|Any CPU
		{9EA1CA31-0DE7-4E9D-AF49-DCF5F205C3E8}.Release|arm64.Build.0 = Release|Any CPU
		{9EA1CA31-0DE7-4E9D-AF49-DCF5F205C3E8}.Release|x64.ActiveCfg = Release|Any CPU
		{9EA1CA31-0DE7-4E9D-AF49-DCF5F205C3E8}.Release|x64.Build.0 = Release|Any CPU
		{9EA1CA31-0DE7-4E9D-AF49-DCF5F205C3E8}.Release|x86.ActiveCfg = Release|Any CPU
		{9EA1CA31-0DE7-4E9D-AF49-DCF5F205C3E8}.Release|x86.Build.0 = Release|Any CPU
		{4732105B-2AA4-44B1-A8A4-249DF845DAE7}.Debug|Any CPU.ActiveCfg = Debug|Any CPU
		{4732105B-2AA4-44B1-A8A4-249DF845DAE7}.Debug|Any CPU.Build.0 = Debug|Any CPU
		{4732105B-2AA4-44B1-A8A4-249DF845DAE7}.Debug|arm64.ActiveCfg = Debug|Any CPU
		{4732105B-2AA4-44B1-A8A4-249DF845DAE7}.Debug|arm64.Build.0 = Debug|Any CPU
		{4732105B-2AA4-44B1-A8A4-249DF845DAE7}.Debug|x64.ActiveCfg = Debug|Any CPU
		{4732105B-2AA4-44B1-A8A4-249DF845DAE7}.Debug|x64.Build.0 = Debug|Any CPU
		{4732105B-2AA4-44B1-A8A4-249DF845DAE7}.Debug|x86.ActiveCfg = Debug|Any CPU
		{4732105B-2AA4-44B1-A8A4-249DF845DAE7}.Debug|x86.Build.0 = Debug|Any CPU
		{4732105B-2AA4-44B1-A8A4-249DF845DAE7}.Release|Any CPU.ActiveCfg = Release|Any CPU
		{4732105B-2AA4-44B1-A8A4-249DF845DAE7}.Release|Any CPU.Build.0 = Release|Any CPU
		{4732105B-2AA4-44B1-A8A4-249DF845DAE7}.Release|arm64.ActiveCfg = Release|Any CPU
		{4732105B-2AA4-44B1-A8A4-249DF845DAE7}.Release|arm64.Build.0 = Release|Any CPU
		{4732105B-2AA4-44B1-A8A4-249DF845DAE7}.Release|x64.ActiveCfg = Release|Any CPU
		{4732105B-2AA4-44B1-A8A4-249DF845DAE7}.Release|x64.Build.0 = Release|Any CPU
		{4732105B-2AA4-44B1-A8A4-249DF845DAE7}.Release|x86.ActiveCfg = Release|Any CPU
		{4732105B-2AA4-44B1-A8A4-249DF845DAE7}.Release|x86.Build.0 = Release|Any CPU
	EndGlobalSection
	GlobalSection(SolutionProperties) = preSolution
		HideSolutionNode = FALSE
	EndGlobalSection
	GlobalSection(ExtensibilityGlobals) = postSolution
		SolutionGuid = {7A6D5989-CF69-4811-A28A-D32968ED249C}
	EndGlobalSection
EndGlobal
